// !$*UTF8*$!
{
	archiveVersion = 1;
	classes = {
	};
	objectVersion = 56;
	objects = {

/* Begin PBXBuildFile section */
		0B3632612AA0D0AC00D0C9F5 /* CircleGroupView.swift in Sources */ = {isa = PBXBuildFile; fileRef = 0B3632602AA0D0AC00D0C9F5 /* CircleGroupView.swift */; };
		0BA67CEF2ABD8D77002F2875 /* AudioPlayer.swift in Sources */ = {isa = PBXBuildFile; fileRef = 0BA67CEE2ABD8D77002F2875 /* AudioPlayer.swift */; };
		0BE065DD2A97733C0064ECCA /* RestartApp.swift in Sources */ = {isa = PBXBuildFile; fileRef = 0BE065DC2A97733C0064ECCA /* RestartApp.swift */; };
		0BE065DF2A97733C0064ECCA /* ContentView.swift in Sources */ = {isa = PBXBuildFile; fileRef = 0BE065DE2A97733C0064ECCA /* ContentView.swift */; };
		0BE065E12A97733D0064ECCA /* Assets.xcassets in Resources */ = {isa = PBXBuildFile; fileRef = 0BE065E02A97733D0064ECCA /* Assets.xcassets */; };
		0BE065E42A97733D0064ECCA /* Preview Assets.xcassets in Resources */ = {isa = PBXBuildFile; fileRef = 0BE065E32A97733D0064ECCA /* Preview Assets.xcassets */; };
		0BE065ED2A9775F00064ECCA /* success.m4a in Resources */ = {isa = PBXBuildFile; fileRef = 0BE065EB2A9775F00064ECCA /* success.m4a */; };
		0BE065EE2A9775F00064ECCA /* chimeup.mp3 in Resources */ = {isa = PBXBuildFile; fileRef = 0BE065EC2A9775F00064ECCA /* chimeup.mp3 */; };
		0BE065F42A9789220064ECCA /* OnboardingView.swift in Sources */ = {isa = PBXBuildFile; fileRef = 0BE065F32A9789220064ECCA /* OnboardingView.swift */; };
		0BE065F62A97893F0064ECCA /* HomeView.swift in Sources */ = {isa = PBXBuildFile; fileRef = 0BE065F52A97893F0064ECCA /* HomeView.swift */; };
/* End PBXBuildFile section */

/* Begin PBXFileReference section */
		0B3632602AA0D0AC00D0C9F5 /* CircleGroupView.swift */ = {isa = PBXFileReference; lastKnownFileType = sourcecode.swift; path = CircleGroupView.swift; sourceTree = "<group>"; };
		0BA67CEE2ABD8D77002F2875 /* AudioPlayer.swift */ = {isa = PBXFileReference; lastKnownFileType = sourcecode.swift; path = AudioPlayer.swift; sourceTree = "<group>"; };
		0BE065D92A97733C0064ECCA /* Restart.app */ = {isa = PBXFileReference; explicitFileType = wrapper.application; includeInIndex = 0; path = Restart.app; sourceTree = BUILT_PRODUCTS_DIR; };
		0BE065DC2A97733C0064ECCA /* RestartApp.swift */ = {isa = PBXFileReference; lastKnownFileType = sourcecode.swift; path = RestartApp.swift; sourceTree = "<group>"; };
		0BE065DE2A97733C0064ECCA /* ContentView.swift */ = {isa = PBXFileReference; lastKnownFileType = sourcecode.swift; path = ContentView.swift; sourceTree = "<group>"; };
		0BE065E02A97733D0064ECCA /* Assets.xcassets */ = {isa = PBXFileReference; lastKnownFileType = folder.assetcatalog; path = Assets.xcassets; sourceTree = "<group>"; };
		0BE065E32A97733D0064ECCA /* Preview Assets.xcassets */ = {isa = PBXFileReference; lastKnownFileType = folder.assetcatalog; path = "Preview Assets.xcassets"; sourceTree = "<group>"; };
		0BE065EB2A9775F00064ECCA /* success.m4a */ = {isa = PBXFileReference; lastKnownFileType = file; path = success.m4a; sourceTree = "<group>"; };
		0BE065EC2A9775F00064ECCA /* chimeup.mp3 */ = {isa = PBXFileReference; lastKnownFileType = audio.mp3; path = chimeup.mp3; sourceTree = "<group>"; };
		0BE065F32A9789220064ECCA /* OnboardingView.swift */ = {isa = PBXFileReference; lastKnownFileType = sourcecode.swift; path = OnboardingView.swift; sourceTree = "<group>"; };
		0BE065F52A97893F0064ECCA /* HomeView.swift */ = {isa = PBXFileReference; lastKnownFileType = sourcecode.swift; path = HomeView.swift; sourceTree = "<group>"; };
		0BE065F72A978A240064ECCA /* Info.plist */ = {isa = PBXFileReference; lastKnownFileType = text.plist; path = Info.plist; sourceTree = "<group>"; };
/* End PBXFileReference section */

/* Begin PBXFrameworksBuildPhase section */
		0BE065D62A97733C0064ECCA /* Frameworks */ = {
			isa = PBXFrameworksBuildPhase;
			buildActionMask = 2147483647;
			files = (
			);
			runOnlyForDeploymentPostprocessing = 0;
		};
/* End PBXFrameworksBuildPhase section */

/* Begin PBXGroup section */
		0BE065D02A97733C0064ECCA = {
			isa = PBXGroup;
			children = (
				0BE065DB2A97733C0064ECCA /* Restart */,
				0BE065DA2A97733C0064ECCA /* Products */,
			);
			sourceTree = "<group>";
		};
		0BE065DA2A97733C0064ECCA /* Products */ = {
			isa = PBXGroup;
			children = (
				0BE065D92A97733C0064ECCA /* Restart.app */,
			);
			name = Products;
			sourceTree = "<group>";
		};
		0BE065DB2A97733C0064ECCA /* Restart */ = {
			isa = PBXGroup;
			children = (
				0BE065F72A978A240064ECCA /* Info.plist */,
				0BE065F22A97831A0064ECCA /* Utilities */,
				0BE065F12A9783110064ECCA /* Views */,
				0BE065EF2A9775F90064ECCA /* Sounds */,
				0BE065DC2A97733C0064ECCA /* RestartApp.swift */,
				0BE065F02A9782EA0064ECCA /* Screens */,
				0BE065E02A97733D0064ECCA /* Assets.xcassets */,
				0BE065E22A97733D0064ECCA /* Preview Content */,
			);
			path = Restart;
			sourceTree = "<group>";
		};
		0BE065E22A97733D0064ECCA /* Preview Content */ = {
			isa = PBXGroup;
			children = (
				0BE065E32A97733D0064ECCA /* Preview Assets.xcassets */,
			);
			path = "Preview Content";
			sourceTree = "<group>";
		};
		0BE065EF2A9775F90064ECCA /* Sounds */ = {
			isa = PBXGroup;
			children = (
				0BE065EC2A9775F00064ECCA /* chimeup.mp3 */,
				0BE065EB2A9775F00064ECCA /* success.m4a */,
			);
			path = Sounds;
			sourceTree = "<group>";
		};
		0BE065F02A9782EA0064ECCA /* Screens */ = {
			isa = PBXGroup;
			children = (
				0BE065DE2A97733C0064ECCA /* ContentView.swift */,
				0BE065F52A97893F0064ECCA /* HomeView.swift */,
				0BE065F32A9789220064ECCA /* OnboardingView.swift */,
			);
			path = Screens;
			sourceTree = "<group>";
		};
		0BE065F12A9783110064ECCA /* Views */ = {
			isa = PBXGroup;
			children = (
				0B3632602AA0D0AC00D0C9F5 /* CircleGroupView.swift */,
			);
			path = Views;
			sourceTree = "<group>";
		};
		0BE065F22A97831A0064ECCA /* Utilities */ = {
			isa = PBXGroup;
			children = (
				0BA67CEE2ABD8D77002F2875 /* AudioPlayer.swift */,
			);
			path = Utilities;
			sourceTree = "<group>";
		};
/* End PBXGroup section */

/* Begin PBXNativeTarget section */
		0BE065D82A97733C0064ECCA /* Restart */ = {
			isa = PBXNativeTarget;
			buildConfigurationList = 0BE065E72A97733D0064ECCA /* Build configuration list for PBXNativeTarget "Restart" */;
			buildPhases = (
				0BE065D52A97733C0064ECCA /* Sources */,
				0BE065D62A97733C0064ECCA /* Frameworks */,
				0BE065D72A97733C0064ECCA /* Resources */,
			);
			buildRules = (
			);
			dependencies = (
			);
			name = Restart;
			productName = Restart;
			productReference = 0BE065D92A97733C0064ECCA /* Restart.app */;
			productType = "com.apple.product-type.application";
		};
/* End PBXNativeTarget section */

/* Begin PBXProject section */
		0BE065D12A97733C0064ECCA /* Project object */ = {
			isa = PBXProject;
			attributes = {
				BuildIndependentTargetsInParallel = 1;
				LastSwiftUpdateCheck = 1430;
				LastUpgradeCheck = 1430;
				TargetAttributes = {
					0BE065D82A97733C0064ECCA = {
						CreatedOnToolsVersion = 14.3.1;
					};
				};
			};
			buildConfigurationList = 0BE065D42A97733C0064ECCA /* Build configuration list for PBXProject "Restart" */;
			compatibilityVersion = "Xcode 14.0";
			developmentRegion = en;
			hasScannedForEncodings = 0;
			knownRegions = (
				en,
				Base,
			);
			mainGroup = 0BE065D02A97733C0064ECCA;
			productRefGroup = 0BE065DA2A97733C0064ECCA /* Products */;
			projectDirPath = "";
			projectRoot = "";
			targets = (
				0BE065D82A97733C0064ECCA /* Restart */,
			);
		};
/* End PBXProject section */

/* Begin PBXResourcesBuildPhase section */
		0BE065D72A97733C0064ECCA /* Resources */ = {
			isa = PBXResourcesBuildPhase;
			buildActionMask = 2147483647;
			files = (
				0BE065EE2A9775F00064ECCA /* chimeup.mp3 in Resources */,
				0BE065E42A97733D0064ECCA /* Preview Assets.xcassets in Resources */,
				0BE065ED2A9775F00064ECCA /* success.m4a in Resources */,
				0BE065E12A97733D0064ECCA /* Assets.xcassets in Resources */,
			);
			runOnlyForDeploymentPostprocessing = 0;
		};
/* End PBXResourcesBuildPhase section */

/* Begin PBXSourcesBuildPhase section */
		0BE065D52A97733C0064ECCA /* Sources */ = {
			isa = PBXSourcesBuildPhase;
			buildActionMask = 2147483647;
			files = (
				0B3632612AA0D0AC00D0C9F5 /* CircleGroupView.swift in Sources */,
				0BE065F42A9789220064ECCA /* OnboardingView.swift in Sources */,
				0BE065F62A97893F0064ECCA /* HomeView.swift in Sources */,
				0BE065DF2A97733C0064ECCA /* ContentView.swift in Sources */,
				0BE065DD2A97733C0064ECCA /* RestartApp.swift in Sources */,
				0BA67CEF2ABD8D77002F2875 /* AudioPlayer.swift in Sources */,
			);
			runOnlyForDeploymentPostprocessing = 0;
		};
/* End PBXSourcesBuildPhase section */

/* Begin XCBuildConfiguration section */
		0BE065E52A97733D0064ECCA /* Debug */ = {
			isa = XCBuildConfiguration;
			buildSettings = {
				ALWAYS_SEARCH_USER_PATHS = NO;
				CLANG_ANALYZER_NONNULL = YES;
				CLANG_ANALYZER_NUMBER_OBJECT_CONVERSION = YES_AGGRESSIVE;
				CLANG_CXX_LANGUAGE_STANDARD = "gnu++20";
				CLANG_ENABLE_MODULES = YES;
				CLANG_ENABLE_OBJC_ARC = YES;
				CLANG_ENABLE_OBJC_WEAK = YES;
				CLANG_WARN_BLOCK_CAPTURE_AUTORELEASING = YES;
				CLANG_WARN_BOOL_CONVERSION = YES;
				CLANG_WARN_COMMA = YES;
				CLANG_WARN_CONSTANT_CONVERSION = YES;
				CLANG_WARN_DEPRECATED_OBJC_IMPLEMENTATIONS = YES;
				CLANG_WARN_DIRECT_OBJC_ISA_USAGE = YES_ERROR;
				CLANG_WARN_DOCUMENTATION_COMMENTS = YES;
				CLANG_WARN_EMPTY_BODY = YES;
				CLANG_WARN_ENUM_CONVERSION = YES;
				CLANG_WARN_INFINITE_RECURSION = YES;
				CLANG_WARN_INT_CONVERSION = YES;
				CLANG_WARN_NON_LITERAL_NULL_CONVERSION = YES;
				CLANG_WARN_OBJC_IMPLICIT_RETAIN_SELF = YES;
				CLANG_WARN_OBJC_LITERAL_CONVERSION = YES;
				CLANG_WARN_OBJC_ROOT_CLASS = YES_ERROR;
				CLANG_WARN_QUOTED_INCLUDE_IN_FRAMEWORK_HEADER = YES;
				CLANG_WARN_RANGE_LOOP_ANALYSIS = YES;
				CLANG_WARN_STRICT_PROTOTYPES = YES;
				CLANG_WARN_SUSPICIOUS_MOVE = YES;
				CLANG_WARN_UNGUARDED_AVAILABILITY = YES_AGGRESSIVE;
				CLANG_WARN_UNREACHABLE_CODE = YES;
				CLANG_WARN__DUPLICATE_METHOD_MATCH = YES;
				COPY_PHASE_STRIP = NO;
				DEBUG_INFORMATION_FORMAT = dwarf;
				ENABLE_STRICT_OBJC_MSGSEND = YES;
				ENABLE_TESTABILITY = YES;
				GCC_C_LANGUAGE_STANDARD = gnu11;
				GCC_DYNAMIC_NO_PIC = NO;
				GCC_NO_COMMON_BLOCKS = YES;
				GCC_OPTIMIZATION_LEVEL = 0;
				GCC_PREPROCESSOR_DEFINITIONS = (
					"DEBUG=1",
					"$(inherited)",
				);
				GCC_WARN_64_TO_32_BIT_CONVERSION = YES;
				GCC_WARN_ABOUT_RETURN_TYPE = YES_ERROR;
				GCC_WARN_UNDECLARED_SELECTOR = YES;
				GCC_WARN_UNINITIALIZED_AUTOS = YES_AGGRESSIVE;
				GCC_WARN_UNUSED_FUNCTION = YES;
				GCC_WARN_UNUSED_VARIABLE = YES;
				IPHONEOS_DEPLOYMENT_TARGET = 16.4;
				MTL_ENABLE_DEBUG_INFO = INCLUDE_SOURCE;
				MTL_FAST_MATH = YES;
				ONLY_ACTIVE_ARCH = YES;
				SDKROOT = iphoneos;
				SWIFT_ACTIVE_COMPILATION_CONDITIONS = DEBUG;
				SWIFT_OPTIMIZATION_LEVEL = "-Onone";
			};
			name = Debug;
		};
		0BE065E62A97733D0064ECCA /* Release */ = {
			isa = XCBuildConfiguration;
			buildSettings = {
				ALWAYS_SEARCH_USER_PATHS = NO;
				CLANG_ANALYZER_NONNULL = YES;
				CLANG_ANALYZER_NUMBER_OBJECT_CONVERSION = YES_AGGRESSIVE;
				CLANG_CXX_LANGUAGE_STANDARD = "gnu++20";
				CLANG_ENABLE_MODULES = YES;
				CLANG_ENABLE_OBJC_ARC = YES;
				CLANG_ENABLE_OBJC_WEAK = YES;
				CLANG_WARN_BLOCK_CAPTURE_AUTORELEASING = YES;
				CLANG_WARN_BOOL_CONVERSION = YES;
				CLANG_WARN_COMMA = YES;
				CLANG_WARN_CONSTANT_CONVERSION = YES;
				CLANG_WARN_DEPRECATED_OBJC_IMPLEMENTATIONS = YES;
				CLANG_WARN_DIRECT_OBJC_ISA_USAGE = YES_ERROR;
				CLANG_WARN_DOCUMENTATION_COMMENTS = YES;
				CLANG_WARN_EMPTY_BODY = YES;
				CLANG_WARN_ENUM_CONVERSION = YES;
				CLANG_WARN_INFINITE_RECURSION = YES;
				CLANG_WARN_INT_CONVERSION = YES;
				CLANG_WARN_NON_LITERAL_NULL_CONVERSION = YES;
				CLANG_WARN_OBJC_IMPLICIT_RETAIN_SELF = YES;
				CLANG_WARN_OBJC_LITERAL_CONVERSION = YES;
				CLANG_WARN_OBJC_ROOT_CLASS = YES_ERROR;
				CLANG_WARN_QUOTED_INCLUDE_IN_FRAMEWORK_HEADER = YES;
				CLANG_WARN_RANGE_LOOP_ANALYSIS = YES;
				CLANG_WARN_STRICT_PROTOTYPES = YES;
				CLANG_WARN_SUSPICIOUS_MOVE = YES;
				CLANG_WARN_UNGUARDED_AVAILABILITY = YES_AGGRESSIVE;
				CLANG_WARN_UNREACHABLE_CODE = YES;
				CLANG_WARN__DUPLICATE_METHOD_MATCH = YES;
				COPY_PHASE_STRIP = NO;
				DEBUG_INFORMATION_FORMAT = "dwarf-with-dsym";
				ENABLE_NS_ASSERTIONS = NO;
				ENABLE_STRICT_OBJC_MSGSEND = YES;
				GCC_C_LANGUAGE_STANDARD = gnu11;
				GCC_NO_COMMON_BLOCKS = YES;
				GCC_WARN_64_TO_32_BIT_CONVERSION = YES;
				GCC_WARN_ABOUT_RETURN_TYPE = YES_ERROR;
				GCC_WARN_UNDECLARED_SELECTOR = YES;
				GCC_WARN_UNINITIALIZED_AUTOS = YES_AGGRESSIVE;
				GCC_WARN_UNUSED_FUNCTION = YES;
				GCC_WARN_UNUSED_VARIABLE = YES;
				IPHONEOS_DEPLOYMENT_TARGET = 16.4;
				MTL_ENABLE_DEBUG_INFO = NO;
				MTL_FAST_MATH = YES;
				SDKROOT = iphoneos;
				SWIFT_COMPILATION_MODE = wholemodule;
				SWIFT_OPTIMIZATION_LEVEL = "-O";
				VALIDATE_PRODUCT = YES;
			};
			name = Release;
		};
		0BE065E82A97733D0064ECCA /* Debug */ = {
			isa = XCBuildConfiguration;
			buildSettings = {
				ASSETCATALOG_COMPILER_APPICON_NAME = AppIcon;
				ASSETCATALOG_COMPILER_GLOBAL_ACCENT_COLOR_NAME = AccentColor;
				CODE_SIGN_STYLE = Automatic;
				CURRENT_PROJECT_VERSION = 1;
				DEVELOPMENT_ASSET_PATHS = "\"Restart/Preview Content\"";
				DEVELOPMENT_TEAM = F9Z6ZJTZZ4;
				ENABLE_PREVIEWS = YES;
				GENERATE_INFOPLIST_FILE = YES;
				INFOPLIST_FILE = Restart/Info.plist;
				INFOPLIST_KEY_UIApplicationSceneManifest_Generation = YES;
				INFOPLIST_KEY_UIApplicationSupportsIndirectInputEvents = YES;
				INFOPLIST_KEY_UISupportedInterfaceOrientations_iPad = "UIInterfaceOrientationPortrait UIInterfaceOrientationPortraitUpsideDown UIInterfaceOrientationLandscapeLeft UIInterfaceOrientationLandscapeRight";
				INFOPLIST_KEY_UISupportedInterfaceOrientations_iPhone = "UIInterfaceOrientationPortrait UIInterfaceOrientationLandscapeLeft UIInterfaceOrientationLandscapeRight";
				LD_RUNPATH_SEARCH_PATHS = (
					"$(inherited)",
					"@executable_path/Frameworks",
				);
				MARKETING_VERSION = 1.0;
				PRODUCT_BUNDLE_IDENTIFIER = melikesoygullucu.Restart;
				PRODUCT_NAME = "$(TARGET_NAME)";
				SWIFT_EMIT_LOC_STRINGS = YES;
				SWIFT_VERSION = 5.0;
				TARGETED_DEVICE_FAMILY = "1,2";
			};
			name = Debug;
		};
		0BE065E92A97733D0064ECCA /* Release */ = {
			isa = XCBuildConfiguration;
			buildSettings = {
				ASSETCATALOG_COMPILER_APPICON_NAME = AppIcon;
				ASSETCATALOG_COMPILER_GLOBAL_ACCENT_COLOR_NAME = AccentColor;
				CODE_SIGN_STYLE = Automatic;
				CURRENT_PROJECT_VERSION = 1;
				DEVELOPMENT_ASSET_PATHS = "\"Restart/Preview Content\"";
				DEVELOPMENT_TEAM = F9Z6ZJTZZ4;
				ENABLE_PREVIEWS = YES;
				GENERATE_INFOPLIST_FILE = YES;
				INFOPLIST_FILE = Restart/Info.plist;
				INFOPLIST_KEY_UIApplicationSceneManifest_Generation = YES;
				INFOPLIST_KEY_UIApplicationSupportsIndirectInputEvents = YES;
				INFOPLIST_KEY_UISupportedInterfaceOrientations_iPad = "UIInterfaceOrientationPortrait UIInterfaceOrientationPortraitUpsideDown UIInterfaceOrientationLandscapeLeft UIInterfaceOrientationLandscapeRight";
				INFOPLIST_KEY_UISupportedInterfaceOrientations_iPhone = "UIInterfaceOrientationPortrait UIInterfaceOrientationLandscapeLeft UIInterfaceOrientationLandscapeRight";
				LD_RUNPATH_SEARCH_PATHS = (
					"$(inherited)",
					"@executable_path/Frameworks",
				);
				MARKETING_VERSION = 1.0;
				PRODUCT_BUNDLE_IDENTIFIER = melikesoygullucu.Restart;
				PRODUCT_NAME = "$(TARGET_NAME)";
				SWIFT_EMIT_LOC_STRINGS = YES;
				SWIFT_VERSION = 5.0;
				TARGETED_DEVICE_FAMILY = "1,2";
			};
			name = Release;
		};
/* End XCBuildConfiguration section */

/* Begin XCConfigurationList section */
		0BE065D42A97733C0064ECCA /* Build configuration list for PBXProject "Restart" */ = {
			isa = XCConfigurationList;
			buildConfigurations = (
				0BE065E52A97733D0064ECCA /* Debug */,
				0BE065E62A97733D0064ECCA /* Release */,
			);
			defaultConfigurationIsVisible = 0;
			defaultConfigurationName = Release;
		};
		0BE065E72A97733D0064ECCA /* Build configuration list for PBXNativeTarget "Restart" */ = {
			isa = XCConfigurationList;
			buildConfigurations = (
				0BE065E82A97733D0064ECCA /* Debug */,
				0BE065E92A97733D0064ECCA /* Release */,
			);
			defaultConfigurationIsVisible = 0;
			defaultConfigurationName = Release;
		};
/* End XCConfigurationList section */
	};
	rootObject = 0BE065D12A97733C0064ECCA /* Project object */;
}
